{
  "nodes": {
    "chaostreff-scheduler": {
      "flake": false,
      "locked": {
        "lastModified": 1743531916,
        "narHash": "sha256-CRnEpogLtfbXAIB9TIbkD9VorDmAcVTSEslDxydmyPg=",
        "owner": "section77",
        "repo": "chaostreff-scheduler",
        "rev": "f60231f0a8f01b2752a7f8c445fd180e803c66ff",
        "type": "github"
      },
      "original": {
        "owner": "section77",
        "repo": "chaostreff-scheduler",
        "rev": "f60231f0a8f01b2752a7f8c445fd180e803c66ff",
        "type": "github"
      }
    },
    "nixpkgs": {
      "locked": {
        "lastModified": 1751271578,
        "narHash": "sha256-P/SQmKDu06x8yv7i0s8bvnnuJYkxVGBWLWHaU+tt4YY=",
        "owner": "nixos",
        "repo": "nixpkgs",
        "rev": "3016b4b15d13f3089db8a41ef937b13a9e33a8df",
        "type": "github"
      },
      "original": {
        "owner": "nixos",
        "ref": "nixos-unstable",
        "repo": "nixpkgs",
        "type": "github"
      }
    },
    "root": {
      "inputs": {
        "chaostreff-scheduler": "chaostreff-scheduler",
        "nixpkgs": "nixpkgs"
      }
    }
  },
  "root": "root",
  "version": 7
}
